
Microsoft Visual Studio Solution File, Format Version 12.00
# Visual Studio 2013
VisualStudioVersion = 12.0.30110.0
MinimumVisualStudioVersion = 10.0.40219.1
Project("{2150E333-8FDC-42A3-9474-1A3956D46DE8}") = "SilverLight", "SilverLight", "{DF7E0192-E232-485F-BE0F-4C5721F9C43B}"
EndProject
Project("{2150E333-8FDC-42A3-9474-1A3956D46DE8}") = "Solution Items", "Solution Items", "{644B9C45-370C-4138-8588-284E4FA12763}"
	ProjectSection(SolutionItems) = preProject
		ReleaseNotes.txt = ReleaseNotes.txt
		WOWSharp.Community\WOWSharp.Community.nuspec = WOWSharp.Community\WOWSharp.Community.nuspec
	EndProjectSection
EndProject
Project("{FAE04EC0-301F-11D3-BF4B-00C04F79EFBC}") = "WOWSharp.Community", "WOWSharp.Community\WOWSharp.Community.csproj", "{DA640CCB-A60B-40C5-A052-98DFE436DEA9}"
EndProject
Project("{FAE04EC0-301F-11D3-BF4B-00C04F79EFBC}") = "WOWSharp.ApiClient.TestConsole", "WOWSharp.Community.TestConsole\WOWSharp.ApiClient.TestConsole.csproj", "{04B72007-5F11-472F-9FDB-34DF8662C849}"
EndProject
Project("{FAE04EC0-301F-11D3-BF4B-00C04F79EFBC}") = "WOWSharp.Silverlight5Test", "WOWSharp.Silverlight5Test\WOWSharp.Silverlight5Test.csproj", "{75AAD69B-3DD1-4A13-9A0D-D8AB25D66514}"
EndProject
Project("{FAE04EC0-301F-11D3-BF4B-00C04F79EFBC}") = "WOWSharp.Silverlight5Test.Web", "WOWSharp.Silverlight5Test.Web\WOWSharp.Silverlight5Test.Web.csproj", "{BDEC2284-D8D6-43B4-9F14-9067AC6B53EB}"
EndProject
Project("{FAE04EC0-301F-11D3-BF4B-00C04F79EFBC}") = "WOWSharp.Community.SilverlightProxy", "WOWSharp.Community.SilverlightProxy\WOWSharp.Community.SilverlightProxy.csproj", "{A98F3F55-E8B5-439E-804A-344372525D93}"
EndProject
Project("{FAE04EC0-301F-11D3-BF4B-00C04F79EFBC}") = "WOWSharp.UnitTests", "WOWSharp.UnitTests\WOWSharp.UnitTests.csproj", "{B4F201C4-0F90-4CD6-8795-6F1FBFB673C1}"
EndProject
Global
	GlobalSection(TeamFoundationVersionControl) = preSolution
		SccNumberOfProjects = 7
		SccEnterpriseProvider = {4CA58AB2-18FA-4F8D-95D4-32DDF27D184C}
		SccTeamFoundationServer = https://tfs.codeplex.com/tfs/tfs34
		SccLocalPath0 = .
		SccProjectUniqueName1 = WOWSharp.Community.SilverlightProxy\\WOWSharp.Community.SilverlightProxy.csproj
		SccProjectTopLevelParentUniqueName1 = WOWSharp.sln
		SccProjectName1 = WOWSharp.Community.SilverlightProxy
		SccLocalPath1 = WOWSharp.Community.SilverlightProxy
		SccProjectUniqueName2 = WOWSharp.Community.TestConsole\\WOWSharp.ApiClient.TestConsole.csproj
		SccProjectName2 = WOWSharp.Community.TestConsole
		SccLocalPath2 = WOWSharp.Community.TestConsole
		SccProjectUniqueName3 = WOWSharp.Community\\WOWSharp.Community.csproj
		SccProjectName3 = WOWSharp.Community
		SccLocalPath3 = WOWSharp.Community
		SccProjectUniqueName4 = WOWSharp.Silverlight5Test.Web\\WOWSharp.Silverlight5Test.Web.csproj
		SccProjectTopLevelParentUniqueName4 = WOWSharp.sln
		SccProjectName4 = WOWSharp.Silverlight5Test.Web
		SccLocalPath4 = WOWSharp.Silverlight5Test.Web
		SccProjectUniqueName5 = WOWSharp.Silverlight5Test\\WOWSharp.Silverlight5Test.csproj
		SccProjectTopLevelParentUniqueName5 = WOWSharp.sln
		SccProjectName5 = WOWSharp.Silverlight5Test
		SccLocalPath5 = WOWSharp.Silverlight5Test
		SccProjectUniqueName6 = WOWSharp.UnitTests\\WOWSharp.UnitTests.csproj
		SccProjectName6 = WOWSharp.UnitTests
		SccLocalPath6 = WOWSharp.UnitTests
	EndGlobalSection
	GlobalSection(SolutionConfigurationPlatforms) = preSolution
		Debug|Any CPU = Debug|Any CPU
		Release|Any CPU = Release|Any CPU
	EndGlobalSection
	GlobalSection(ProjectConfigurationPlatforms) = postSolution
		{DA640CCB-A60B-40C5-A052-98DFE436DEA9}.Debug|Any CPU.ActiveCfg = Debug|Any CPU
		{DA640CCB-A60B-40C5-A052-98DFE436DEA9}.Debug|Any CPU.Build.0 = Debug|Any CPU
		{DA640CCB-A60B-40C5-A052-98DFE436DEA9}.Release|Any CPU.ActiveCfg = Release|Any CPU
		{DA640CCB-A60B-40C5-A052-98DFE436DEA9}.Release|Any CPU.Build.0 = Release|Any CPU
		{04B72007-5F11-472F-9FDB-34DF8662C849}.Debug|Any CPU.ActiveCfg = Debug|Any CPU
		{04B72007-5F11-472F-9FDB-34DF8662C849}.Debug|Any CPU.Build.0 = Debug|Any CPU
		{04B72007-5F11-472F-9FDB-34DF8662C849}.Release|Any CPU.ActiveCfg = Release|Any CPU
		{04B72007-5F11-472F-9FDB-34DF8662C849}.Release|Any CPU.Build.0 = Release|Any CPU
		{75AAD69B-3DD1-4A13-9A0D-D8AB25D66514}.Debug|Any CPU.ActiveCfg = Debug|Any CPU
		{75AAD69B-3DD1-4A13-9A0D-D8AB25D66514}.Debug|Any CPU.Build.0 = Debug|Any CPU
		{75AAD69B-3DD1-4A13-9A0D-D8AB25D66514}.Release|Any CPU.ActiveCfg = Release|Any CPU
		{75AAD69B-3DD1-4A13-9A0D-D8AB25D66514}.Release|Any CPU.Build.0 = Release|Any CPU
		{BDEC2284-D8D6-43B4-9F14-9067AC6B53EB}.Debug|Any CPU.ActiveCfg = Debug|Any CPU
		{BDEC2284-D8D6-43B4-9F14-9067AC6B53EB}.Debug|Any CPU.Build.0 = Debug|Any CPU
		{BDEC2284-D8D6-43B4-9F14-9067AC6B53EB}.Release|Any CPU.ActiveCfg = Release|Any CPU
		{BDEC2284-D8D6-43B4-9F14-9067AC6B53EB}.Release|Any CPU.Build.0 = Release|Any CPU
		{A98F3F55-E8B5-439E-804A-344372525D93}.Debug|Any CPU.ActiveCfg = Debug|Any CPU
		{A98F3F55-E8B5-439E-804A-344372525D93}.Debug|Any CPU.Build.0 = Debug|Any CPU
		{A98F3F55-E8B5-439E-804A-344372525D93}.Release|Any CPU.ActiveCfg = Release|Any CPU
		{A98F3F55-E8B5-439E-804A-344372525D93}.Release|Any CPU.Build.0 = Release|Any CPU
		{B4F201C4-0F90-4CD6-8795-6F1FBFB673C1}.Debug|Any CPU.ActiveCfg = Debug|Any CPU
		{B4F201C4-0F90-4CD6-8795-6F1FBFB673C1}.Debug|Any CPU.Build.0 = Debug|Any CPU
		{B4F201C4-0F90-4CD6-8795-6F1FBFB673C1}.Release|Any CPU.ActiveCfg = Release|Any CPU
		{B4F201C4-0F90-4CD6-8795-6F1FBFB673C1}.Release|Any CPU.Build.0 = Release|Any CPU
	EndGlobalSection
	GlobalSection(SolutionProperties) = preSolution
		HideSolutionNode = FALSE
	EndGlobalSection
	GlobalSection(NestedProjects) = preSolution
		{75AAD69B-3DD1-4A13-9A0D-D8AB25D66514} = {DF7E0192-E232-485F-BE0F-4C5721F9C43B}
		{BDEC2284-D8D6-43B4-9F14-9067AC6B53EB} = {DF7E0192-E232-485F-BE0F-4C5721F9C43B}
		{A98F3F55-E8B5-439E-804A-344372525D93} = {DF7E0192-E232-485F-BE0F-4C5721F9C43B}
	EndGlobalSection
EndGlobal
